{
  "name": "nikunohi-portfolio",
  "lockfileVersion": 3,
  "requires": true,
  "packages": {
    "": {
      "dependencies": {
        "@chenglou/pretext": "^0.0.8",
        "pretext": "^0.3.0"
      }
    },
    "node_modules/@chenglou/pretext": {
      "version": "0.0.8",
      "resolved": "https://registry.npmjs.org/@chenglou/pretext/-/pretext-0.0.8.tgz",
      "integrity": "sha512-yqm2GMxnPI7VHcHwe84P8ZF0JK/2d2DMKPqMN+s95jQhwDMYYXKVFVJUMEaVWckQStdsjdLav/0Vu+d9YbtGxA==",
      "license": "MIT"
    },
    "node_modules/pretext": {
      "version": "0.3.0",
      "resolved": "https://registry.npmjs.org/pretext/-/pretext-0.3.0.tgz",
      "integrity": "sha512-Lw7xNZ0KL1N1pzcDr/y2rqsygNDCaZkwP4d/SglB9wFOkFtWPGj62MfYG63CAcf+J1Io5QBfGglzyULx3F9WdA==",
      "license": "BSD",
      "bin": {
        "pretext": "bin/pretext"
      }
    }
  }
}
